// !$*UTF8*$!
{
	archiveVersion = 1;
	classes = {
	};
	objectVersion = 46;
	objects = {

/* Begin PBXBuildFile section */
		0420576017054252006683E1 /* homeIcon@2x.png in Resources */ = {isa = PBXBuildFile; fileRef = 0420575F17054252006683E1 /* homeIcon@2x.png */; };
		042057621705425D006683E1 /* setIcon@2x.png in Resources */ = {isa = PBXBuildFile; fileRef = 042057611705425D006683E1 /* setIcon@2x.png */; };
		042057641705426B006683E1 /* personIcon@2x.png in Resources */ = {isa = PBXBuildFile; fileRef = 042057631705426B006683E1 /* personIcon@2x.png */; };
		042057681705463D006683E1 /* bankName@2x.png in Resources */ = {isa = PBXBuildFile; fileRef = 042057671705463D006683E1 /* bankName@2x.png */; };
		0420576A17056563006683E1 /* mapBtn@2x.png in Resources */ = {isa = PBXBuildFile; fileRef = 0420576917056563006683E1 /* mapBtn@2x.png */; };
		04A6ACEF17014BB2009948B3 /* HomeViewController.m in Sources */ = {isa = PBXBuildFile; fileRef = 04A6ACEE17014BB2009948B3 /* HomeViewController.m */; };
		04A6ACF217014BBC009948B3 /* SetViewController.m in Sources */ = {isa = PBXBuildFile; fileRef = 04A6ACF117014BBC009948B3 /* SetViewController.m */; };
		04A6ACF517014BC4009948B3 /* UserViewController.m in Sources */ = {isa = PBXBuildFile; fileRef = 04A6ACF417014BC4009948B3 /* UserViewController.m */; };
		04A6ACF917017589009948B3 /* MapViewController.m in Sources */ = {isa = PBXBuildFile; fileRef = 04A6ACF817017589009948B3 /* MapViewController.m */; };
		04A6ACFF17017978009948B3 /* FastCell.m in Sources */ = {isa = PBXBuildFile; fileRef = 04A6ACFE17017978009948B3 /* FastCell.m */; };
		04A6AD0217017BB1009948B3 /* NSDictionary+helper.m in Sources */ = {isa = PBXBuildFile; fileRef = 04A6AD0117017BB1009948B3 /* NSDictionary+helper.m */; };
		04A6AD0917018B05009948B3 /* UIColor+REXDebug.m in Sources */ = {isa = PBXBuildFile; fileRef = 04A6AD0817018B05009948B3 /* UIColor+REXDebug.m */; };
		04A6AD0C17018D38009948B3 /* REXAsyncFileDeleter.m in Sources */ = {isa = PBXBuildFile; fileRef = 04A6AD0B17018D37009948B3 /* REXAsyncFileDeleter.m */; };
		04A6AD1117019C7F009948B3 /* SelectBankViewController.m in Sources */ = {isa = PBXBuildFile; fileRef = 04A6AD1017019C7F009948B3 /* SelectBankViewController.m */; };
		04A6AD1517019F83009948B3 /* CoreLocation.framework in Frameworks */ = {isa = PBXBuildFile; fileRef = 04A6AD1417019F82009948B3 /* CoreLocation.framework */; };
		04A6AD171702A2A9009948B3 /* CoreText.framework in Frameworks */ = {isa = PBXBuildFile; fileRef = 04A6AD161702A2A8009948B3 /* CoreText.framework */; };
		04A6AD1A1702C694009948B3 /* TestView.m in Sources */ = {isa = PBXBuildFile; fileRef = 04A6AD191702C694009948B3 /* TestView.m */; };
		04A6AD1E17053A9F009948B3 /* 07@2x.png in Resources */ = {isa = PBXBuildFile; fileRef = 04A6AD1C17053A9F009948B3 /* 07@2x.png */; };
		04D2C1EA16FFF74E00E11E82 /* UIKit.framework in Frameworks */ = {isa = PBXBuildFile; fileRef = 04D2C1E916FFF74E00E11E82 /* UIKit.framework */; };
		04D2C1EC16FFF74E00E11E82 /* Foundation.framework in Frameworks */ = {isa = PBXBuildFile; fileRef = 04D2C1EB16FFF74E00E11E82 /* Foundation.framework */; };
		04D2C1EE16FFF74E00E11E82 /* CoreGraphics.framework in Frameworks */ = {isa = PBXBuildFile; fileRef = 04D2C1ED16FFF74E00E11E82 /* CoreGraphics.framework */; };
		04D2C1F416FFF74F00E11E82 /* InfoPlist.strings in Resources */ = {isa = PBXBuildFile; fileRef = 04D2C1F216FFF74F00E11E82 /* InfoPlist.strings */; };
		04D2C1F616FFF74F00E11E82 /* main.m in Sources */ = {isa = PBXBuildFile; fileRef = 04D2C1F516FFF74F00E11E82 /* main.m */; };
		04D2C1FA16FFF74F00E11E82 /* AppDelegate.m in Sources */ = {isa = PBXBuildFile; fileRef = 04D2C1F916FFF74F00E11E82 /* AppDelegate.m */; };
		04D2C20016FFF74F00E11E82 /* Default-568h@2x.png in Resources */ = {isa = PBXBuildFile; fileRef = 04D2C1FF16FFF74F00E11E82 /* Default-568h@2x.png */; };
		04D2C20D16FFF7B400E11E82 /* MainViewController.m in Sources */ = {isa = PBXBuildFile; fileRef = 04D2C20C16FFF7B400E11E82 /* MainViewController.m */; };
		04D2C21017003ED100E11E82 /* Icon.png in Resources */ = {isa = PBXBuildFile; fileRef = 04D2C20E17003ED100E11E82 /* Icon.png */; };
		04D2C21117003ED100E11E82 /* Icon@2x.png in Resources */ = {isa = PBXBuildFile; fileRef = 04D2C20F17003ED100E11E82 /* Icon@2x.png */; };
		C80CF82C1715197500889D03 /* Number.m in Sources */ = {isa = PBXBuildFile; fileRef = C80CF82B1715197500889D03 /* Number.m */; };
		C80CF82E171519AC00889D03 /* Default.png in Resources */ = {isa = PBXBuildFile; fileRef = C80CF82D171519AC00889D03 /* Default.png */; };
		C80CF832171535AA00889D03 /* GetTicketViewController.m in Sources */ = {isa = PBXBuildFile; fileRef = C80CF831171535AA00889D03 /* GetTicketViewController.m */; };
		C80CF838171536F700889D03 /* line@2x.png in Resources */ = {isa = PBXBuildFile; fileRef = C80CF834171536F700889D03 /* line@2x.png */; };
		C80CF839171536F700889D03 /* morebutton@2x.png in Resources */ = {isa = PBXBuildFile; fileRef = C80CF835171536F700889D03 /* morebutton@2x.png */; };
		C80CF83A171536F700889D03 /* nail@2x.png in Resources */ = {isa = PBXBuildFile; fileRef = C80CF836171536F700889D03 /* nail@2x.png */; };
		C80CF83B171536F700889D03 /* ticket@2x.png in Resources */ = {isa = PBXBuildFile; fileRef = C80CF837171536F700889D03 /* ticket@2x.png */; };
		C80CF83E1715542A00889D03 /* TicketView.m in Sources */ = {isa = PBXBuildFile; fileRef = C80CF83D1715542A00889D03 /* TicketView.m */; };
		C816353F170C0E800097672D /* Helper.m in Sources */ = {isa = PBXBuildFile; fileRef = C816353E170C0E800097672D /* Helper.m */; };
		C8163549170C1E600097672D /* ToolBar.m in Sources */ = {isa = PBXBuildFile; fileRef = C8163548170C1E600097672D /* ToolBar.m */; };
		C8385495171275E5007B969A /* pickerToolBar@2x.png in Resources */ = {isa = PBXBuildFile; fileRef = C8385494171275E5007B969A /* pickerToolBar@2x.png */; };
		C8385497171275F1007B969A /* okButton@2x.png in Resources */ = {isa = PBXBuildFile; fileRef = C8385496171275F1007B969A /* okButton@2x.png */; };
		C85CD6C31712AD4C007512C3 /* LocationManager.m in Sources */ = {isa = PBXBuildFile; fileRef = C85CD6C21712AD4C007512C3 /* LocationManager.m */; };
		C85CD6C61712B5DC007512C3 /* MapListViewController.m in Sources */ = {isa = PBXBuildFile; fileRef = C85CD6C51712B5DC007512C3 /* MapListViewController.m */; };
		C85CD6C81712C4B1007512C3 /* mapButton@2x.png in Resources */ = {isa = PBXBuildFile; fileRef = C85CD6C71712C4B1007512C3 /* mapButton@2x.png */; };
		C85CD6CA1712CA3C007512C3 /* QuartzCore.framework in Frameworks */ = {isa = PBXBuildFile; fileRef = C85CD6C91712CA3C007512C3 /* QuartzCore.framework */; };
		C86E9BEB17097992000C60F2 /* xuanZeQiYeYeWuAnNiu@2x.png in Resources */ = {isa = PBXBuildFile; fileRef = C86E9BEA17097992000C60F2 /* xuanZeQiYeYeWuAnNiu@2x.png */; };
		C86E9BED17097999000C60F2 /* xuanZeYeWuAnNiu@2x.png in Resources */ = {isa = PBXBuildFile; fileRef = C86E9BEC17097999000C60F2 /* xuanZeYeWuAnNiu@2x.png */; };
		C86E9BF21709890E000C60F2 /* fenGeXxian@2x.png in Resources */ = {isa = PBXBuildFile; fileRef = C86E9BF11709890E000C60F2 /* fenGeXxian@2x.png */; };
		C86E9BF5170993C3000C60F2 /* PersonalBusinessViewController.m in Sources */ = {isa = PBXBuildFile; fileRef = C86E9BF4170993C2000C60F2 /* PersonalBusinessViewController.m */; };
		C86E9BF8170993E6000C60F2 /* EnterpriseBusinessViewController.m in Sources */ = {isa = PBXBuildFile; fileRef = C86E9BF7170993E5000C60F2 /* EnterpriseBusinessViewController.m */; };
		C86E9BFB170994C7000C60F2 /* UINavigationBar+CostomNavigationBar.m in Sources */ = {isa = PBXBuildFile; fileRef = C86E9BFA170994C7000C60F2 /* UINavigationBar+CostomNavigationBar.m */; };
		C883E5881713B6580029B6B5 /* MapShowViewController.m in Sources */ = {isa = PBXBuildFile; fileRef = C883E5871713B6580029B6B5 /* MapShowViewController.m */; };
		C883E58A1713C4670029B6B5 /* mapListButton@2x.png in Resources */ = {isa = PBXBuildFile; fileRef = C883E5891713C4670029B6B5 /* mapListButton@2x.png */; };
		C883E58C1713C50F0029B6B5 /* backArrows@2x.png in Resources */ = {isa = PBXBuildFile; fileRef = C883E58B1713C50F0029B6B5 /* backArrows@2x.png */; };
		C883E58E1713C8390029B6B5 /* beiJing@2x.png in Resources */ = {isa = PBXBuildFile; fileRef = C883E58D1713C8380029B6B5 /* beiJing@2x.png */; };
		C883E5911713C9020029B6B5 /* navigationBarQ@2x.png in Resources */ = {isa = PBXBuildFile; fileRef = C883E58F1713C9010029B6B5 /* navigationBarQ@2x.png */; };
		C883E5921713C9020029B6B5 /* tabBar@2x.png in Resources */ = {isa = PBXBuildFile; fileRef = C883E5901713C9010029B6B5 /* tabBar@2x.png */; };
		C883E5961713EBC20029B6B5 /* districtAlert@2x.png in Resources */ = {isa = PBXBuildFile; fileRef = C883E5931713EBC20029B6B5 /* districtAlert@2x.png */; };
		C883E5971713EBC20029B6B5 /* tabBarButton@2x.png in Resources */ = {isa = PBXBuildFile; fileRef = C883E5941713EBC20029B6B5 /* tabBarButton@2x.png */; };
		C883E5981713EBC20029B6B5 /* tabBarButtonLocation@2x.png in Resources */ = {isa = PBXBuildFile; fileRef = C883E5951713EBC20029B6B5 /* tabBarButtonLocation@2x.png */; };
		C883E59A1713EBD50029B6B5 /* tableViewCell@2x.png in Resources */ = {isa = PBXBuildFile; fileRef = C883E5991713EBD50029B6B5 /* tableViewCell@2x.png */; };
		C883E59C1713F8B80029B6B5 /* MapKit.framework in Frameworks */ = {isa = PBXBuildFile; fileRef = C883E59B1713F8B80029B6B5 /* MapKit.framework */; };
		C883E59E171414A20029B6B5 /* Default@2x.png in Resources */ = {isa = PBXBuildFile; fileRef = C883E59D171414A20029B6B5 /* Default@2x.png */; };
		C883E5A017141E460029B6B5 /* homeIcon-selected@2x.png in Resources */ = {isa = PBXBuildFile; fileRef = C883E59F17141E460029B6B5 /* homeIcon-selected@2x.png */; };
		C885D6CA1712A21D009E3A13 /* Bank.m in Sources */ = {isa = PBXBuildFile; fileRef = C83854A0171297B8007B969A /* Bank.m */; };
		C885D6CB1712A220009E3A13 /* Picker.m in Sources */ = {isa = PBXBuildFile; fileRef = C83854A2171297F3007B969A /* Picker.m */; };
		C88939A1170AB850008165D9 /* alertWindow@2x.png in Resources */ = {isa = PBXBuildFile; fileRef = C889399D170AB850008165D9 /* alertWindow@2x.png */; };
		C88939A2170AB850008165D9 /* buttonSelect@2x.png in Resources */ = {isa = PBXBuildFile; fileRef = C889399E170AB850008165D9 /* buttonSelect@2x.png */; };
		C88939A3170AB850008165D9 /* button@2x.png in Resources */ = {isa = PBXBuildFile; fileRef = C889399F170AB850008165D9 /* button@2x.png */; };
		C88939A4170AB850008165D9 /* numberButton@2x.png in Resources */ = {isa = PBXBuildFile; fileRef = C88939A0170AB850008165D9 /* numberButton@2x.png */; };
		C891491B1711218800958605 /* MyAnnotation.m in Sources */ = {isa = PBXBuildFile; fileRef = C891491A1711218800958605 /* MyAnnotation.m */; };
		C8DB413017117D070055341F /* PickerView.m in Sources */ = {isa = PBXBuildFile; fileRef = C8DB412F17117D070055341F /* PickerView.m */; };
/* End PBXBuildFile section */

/* Begin PBXFileReference section */
		0420575F17054252006683E1 /* homeIcon@2x.png */ = {isa = PBXFileReference; lastKnownFileType = image.png; path = "homeIcon@2x.png"; sourceTree = "<group>"; };
		042057611705425D006683E1 /* setIcon@2x.png */ = {isa = PBXFileReference; lastKnownFileType = image.png; path = "setIcon@2x.png"; sourceTree = "<group>"; };
		042057631705426B006683E1 /* personIcon@2x.png */ = {isa = PBXFileReference; lastKnownFileType = image.png; path = "personIcon@2x.png"; sourceTree = "<group>"; };
		042057671705463D006683E1 /* bankName@2x.png */ = {isa = PBXFileReference; lastKnownFileType = image.png; path = "bankName@2x.png"; sourceTree = "<group>"; };
		0420576917056563006683E1 /* mapBtn@2x.png */ = {isa = PBXFileReference; lastKnownFileType = image.png; path = "mapBtn@2x.png"; sourceTree = "<group>"; };
		04A6ACED17014BB2009948B3 /* HomeViewController.h */ = {isa = PBXFileReference; fileEncoding = 4; lastKnownFileType = sourcecode.c.h; path = HomeViewController.h; sourceTree = "<group>"; };
		04A6ACEE17014BB2009948B3 /* HomeViewController.m */ = {isa = PBXFileReference; fileEncoding = 4; lastKnownFileType = sourcecode.c.objc; path = HomeViewController.m; sourceTree = "<group>"; };
		04A6ACF017014BBC009948B3 /* SetViewController.h */ = {isa = PBXFileReference; fileEncoding = 4; lastKnownFileType = sourcecode.c.h; path = SetViewController.h; sourceTree = "<group>"; };
		04A6ACF117014BBC009948B3 /* SetViewController.m */ = {isa = PBXFileReference; fileEncoding = 4; lastKnownFileType = sourcecode.c.objc; path = SetViewController.m; sourceTree = "<group>"; };
		04A6ACF317014BC4009948B3 /* UserViewController.h */ = {isa = PBXFileReference; fileEncoding = 4; lastKnownFileType = sourcecode.c.h; path = UserViewController.h; sourceTree = "<group>"; };
		04A6ACF417014BC4009948B3 /* UserViewController.m */ = {isa = PBXFileReference; fileEncoding = 4; lastKnownFileType = sourcecode.c.objc; path = UserViewController.m; sourceTree = "<group>"; };
		04A6ACF717017589009948B3 /* MapViewController.h */ = {isa = PBXFileReference; fileEncoding = 4; lastKnownFileType = sourcecode.c.h; path = MapViewController.h; sourceTree = "<group>"; };
		04A6ACF817017589009948B3 /* MapViewController.m */ = {isa = PBXFileReference; fileEncoding = 4; lastKnownFileType = sourcecode.c.objc; path = MapViewController.m; sourceTree = "<group>"; };
		04A6ACFD17017978009948B3 /* FastCell.h */ = {isa = PBXFileReference; fileEncoding = 4; lastKnownFileType = sourcecode.c.h; path = FastCell.h; sourceTree = "<group>"; };
		04A6ACFE17017978009948B3 /* FastCell.m */ = {isa = PBXFileReference; fileEncoding = 4; lastKnownFileType = sourcecode.c.objc; path = FastCell.m; sourceTree = "<group>"; };
		04A6AD0017017BB1009948B3 /* NSDictionary+helper.h */ = {isa = PBXFileReference; fileEncoding = 4; lastKnownFileType = sourcecode.c.h; path = "NSDictionary+helper.h"; sourceTree = "<group>"; };
		04A6AD0117017BB1009948B3 /* NSDictionary+helper.m */ = {isa = PBXFileReference; fileEncoding = 4; lastKnownFileType = sourcecode.c.objc; path = "NSDictionary+helper.m"; sourceTree = "<group>"; };
		04A6AD0717018B05009948B3 /* UIColor+REXDebug.h */ = {isa = PBXFileReference; fileEncoding = 4; lastKnownFileType = sourcecode.c.h; path = "UIColor+REXDebug.h"; sourceTree = "<group>"; };
		04A6AD0817018B05009948B3 /* UIColor+REXDebug.m */ = {isa = PBXFileReference; fileEncoding = 4; lastKnownFileType = sourcecode.c.objc; path = "UIColor+REXDebug.m"; sourceTree = "<group>"; };
		04A6AD0A17018D37009948B3 /* REXAsyncFileDeleter.h */ = {isa = PBXFileReference; fileEncoding = 4; lastKnownFileType = sourcecode.c.h; path = REXAsyncFileDeleter.h; sourceTree = "<group>"; };
		04A6AD0B17018D37009948B3 /* REXAsyncFileDeleter.m */ = {isa = PBXFileReference; fileEncoding = 4; lastKnownFileType = sourcecode.c.objc; path = REXAsyncFileDeleter.m; sourceTree = "<group>"; };
		04A6AD0F17019C7F009948B3 /* SelectBankViewController.h */ = {isa = PBXFileReference; fileEncoding = 4; lastKnownFileType = sourcecode.c.h; path = SelectBankViewController.h; sourceTree = "<group>"; };
		04A6AD1017019C7F009948B3 /* SelectBankViewController.m */ = {isa = PBXFileReference; fileEncoding = 4; lastKnownFileType = sourcecode.c.objc; path = SelectBankViewController.m; sourceTree = "<group>"; };
		04A6AD1417019F82009948B3 /* CoreLocation.framework */ = {isa = PBXFileReference; lastKnownFileType = wrapper.framework; name = CoreLocation.framework; path = System/Library/Frameworks/CoreLocation.framework; sourceTree = SDKROOT; };
		04A6AD161702A2A8009948B3 /* CoreText.framework */ = {isa = PBXFileReference; lastKnownFileType = wrapper.framework; name = CoreText.framework; path = System/Library/Frameworks/CoreText.framework; sourceTree = SDKROOT; };
		04A6AD181702C694009948B3 /* TestView.h */ = {isa = PBXFileReference; fileEncoding = 4; lastKnownFileType = sourcecode.c.h; path = TestView.h; sourceTree = "<group>"; };
		04A6AD191702C694009948B3 /* TestView.m */ = {isa = PBXFileReference; fileEncoding = 4; lastKnownFileType = sourcecode.c.objc; path = TestView.m; sourceTree = "<group>"; };
		04A6AD1C17053A9F009948B3 /* 07@2x.png */ = {isa = PBXFileReference; lastKnownFileType = image.png; path = "07@2x.png"; sourceTree = "<group>"; };
		04D2C1E616FFF74E00E11E82 /* BQ.app */ = {isa = PBXFileReference; explicitFileType = wrapper.application; includeInIndex = 0; path = BQ.app; sourceTree = BUILT_PRODUCTS_DIR; };
		04D2C1E916FFF74E00E11E82 /* UIKit.framework */ = {isa = PBXFileReference; lastKnownFileType = wrapper.framework; name = UIKit.framework; path = System/Library/Frameworks/UIKit.framework; sourceTree = SDKROOT; };
		04D2C1EB16FFF74E00E11E82 /* Foundation.framework */ = {isa = PBXFileReference; lastKnownFileType = wrapper.framework; name = Foundation.framework; path = System/Library/Frameworks/Foundation.framework; sourceTree = SDKROOT; };
		04D2C1ED16FFF74E00E11E82 /* CoreGraphics.framework */ = {isa = PBXFileReference; lastKnownFileType = wrapper.framework; name = CoreGraphics.framework; path = System/Library/Frameworks/CoreGraphics.framework; sourceTree = SDKROOT; };
		04D2C1F116FFF74F00E11E82 /* BQ-Info.plist */ = {isa = PBXFileReference; lastKnownFileType = text.plist.xml; path = "BQ-Info.plist"; sourceTree = "<group>"; };
		04D2C1F316FFF74F00E11E82 /* en */ = {isa = PBXFileReference; lastKnownFileType = text.plist.strings; name = en; path = en.lproj/InfoPlist.strings; sourceTree = "<group>"; };
		04D2C1F516FFF74F00E11E82 /* main.m */ = {isa = PBXFileReference; lastKnownFileType = sourcecode.c.objc; path = main.m; sourceTree = "<group>"; };
		04D2C1F716FFF74F00E11E82 /* BQ-Prefix.pch */ = {isa = PBXFileReference; lastKnownFileType = sourcecode.c.h; path = "BQ-Prefix.pch"; sourceTree = "<group>"; };
		04D2C1F816FFF74F00E11E82 /* AppDelegate.h */ = {isa = PBXFileReference; lastKnownFileType = sourcecode.c.h; path = AppDelegate.h; sourceTree = "<group>"; };
		04D2C1F916FFF74F00E11E82 /* AppDelegate.m */ = {isa = PBXFileReference; lastKnownFileType = sourcecode.c.objc; path = AppDelegate.m; sourceTree = "<group>"; };
		04D2C1FF16FFF74F00E11E82 /* Default-568h@2x.png */ = {isa = PBXFileReference; lastKnownFileType = image.png; path = "Default-568h@2x.png"; sourceTree = "<group>"; };
		04D2C20B16FFF7B400E11E82 /* MainViewController.h */ = {isa = PBXFileReference; fileEncoding = 4; lastKnownFileType = sourcecode.c.h; path = MainViewController.h; sourceTree = "<group>"; };
		04D2C20C16FFF7B400E11E82 /* MainViewController.m */ = {isa = PBXFileReference; fileEncoding = 4; lastKnownFileType = sourcecode.c.objc; path = MainViewController.m; sourceTree = "<group>"; };
		04D2C20E17003ED100E11E82 /* Icon.png */ = {isa = PBXFileReference; lastKnownFileType = image.png; path = Icon.png; sourceTree = "<group>"; };
		04D2C20F17003ED100E11E82 /* Icon@2x.png */ = {isa = PBXFileReference; lastKnownFileType = image.png; path = "Icon@2x.png"; sourceTree = "<group>"; };
		C80CF82A1715197500889D03 /* Number.h */ = {isa = PBXFileReference; fileEncoding = 4; lastKnownFileType = sourcecode.c.h; path = Number.h; sourceTree = "<group>"; };
		C80CF82B1715197500889D03 /* Number.m */ = {isa = PBXFileReference; fileEncoding = 4; lastKnownFileType = sourcecode.c.objc; path = Number.m; sourceTree = "<group>"; };
		C80CF82D171519AC00889D03 /* Default.png */ = {isa = PBXFileReference; lastKnownFileType = image.png; path = Default.png; sourceTree = "<group>"; };
		C80CF830171535AA00889D03 /* GetTicketViewController.h */ = {isa = PBXFileReference; fileEncoding = 4; lastKnownFileType = sourcecode.c.h; path = GetTicketViewController.h; sourceTree = "<group>"; };
		C80CF831171535AA00889D03 /* GetTicketViewController.m */ = {isa = PBXFileReference; fileEncoding = 4; lastKnownFileType = sourcecode.c.objc; path = GetTicketViewController.m; sourceTree = "<group>"; };
		C80CF834171536F700889D03 /* line@2x.png */ = {isa = PBXFileReference; lastKnownFileType = image.png; path = "line@2x.png"; sourceTree = "<group>"; };
		C80CF835171536F700889D03 /* morebutton@2x.png */ = {isa = PBXFileReference; lastKnownFileType = image.png; path = "morebutton@2x.png"; sourceTree = "<group>"; };
		C80CF836171536F700889D03 /* nail@2x.png */ = {isa = PBXFileReference; lastKnownFileType = image.png; path = "nail@2x.png"; sourceTree = "<group>"; };
		C80CF837171536F700889D03 /* ticket@2x.png */ = {isa = PBXFileReference; lastKnownFileType = image.png; path = "ticket@2x.png"; sourceTree = "<group>"; };
		C80CF83C1715542A00889D03 /* TicketView.h */ = {isa = PBXFileReference; fileEncoding = 4; lastKnownFileType = sourcecode.c.h; path = TicketView.h; sourceTree = "<group>"; };
		C80CF83D1715542A00889D03 /* TicketView.m */ = {isa = PBXFileReference; fileEncoding = 4; lastKnownFileType = sourcecode.c.objc; path = TicketView.m; sourceTree = "<group>"; };
		C816353D170C0E800097672D /* Helper.h */ = {isa = PBXFileReference; fileEncoding = 4; lastKnownFileType = sourcecode.c.h; path = Helper.h; sourceTree = "<group>"; };
		C816353E170C0E800097672D /* Helper.m */ = {isa = PBXFileReference; fileEncoding = 4; lastKnownFileType = sourcecode.c.objc; path = Helper.m; sourceTree = "<group>"; };
		C8163547170C1E600097672D /* ToolBar.h */ = {isa = PBXFileReference; fileEncoding = 4; lastKnownFileType = sourcecode.c.h; path = ToolBar.h; sourceTree = "<group>"; };
		C8163548170C1E600097672D /* ToolBar.m */ = {isa = PBXFileReference; fileEncoding = 4; lastKnownFileType = sourcecode.c.objc; path = ToolBar.m; sourceTree = "<group>"; };
		C8385494171275E5007B969A /* pickerToolBar@2x.png */ = {isa = PBXFileReference; lastKnownFileType = image.png; path = "pickerToolBar@2x.png"; sourceTree = "<group>"; };
		C8385496171275F1007B969A /* okButton@2x.png */ = {isa = PBXFileReference; lastKnownFileType = image.png; path = "okButton@2x.png"; sourceTree = "<group>"; };
		C838549F171297B8007B969A /* Bank.h */ = {isa = PBXFileReference; lastKnownFileType = sourcecode.c.h; path = Bank.h; sourceTree = "<group>"; };
		C83854A0171297B8007B969A /* Bank.m */ = {isa = PBXFileReference; lastKnownFileType = sourcecode.c.objc; path = Bank.m; sourceTree = "<group>"; };
		C83854A1171297F3007B969A /* Picker.h */ = {isa = PBXFileReference; lastKnownFileType = sourcecode.c.h; path = Picker.h; sourceTree = "<group>"; };
		C83854A2171297F3007B969A /* Picker.m */ = {isa = PBXFileReference; lastKnownFileType = sourcecode.c.objc; path = Picker.m; sourceTree = "<group>"; };
		C85CD6C11712AD4C007512C3 /* LocationManager.h */ = {isa = PBXFileReference; fileEncoding = 4; lastKnownFileType = sourcecode.c.h; path = LocationManager.h; sourceTree = "<group>"; };
		C85CD6C21712AD4C007512C3 /* LocationManager.m */ = {isa = PBXFileReference; fileEncoding = 4; lastKnownFileType = sourcecode.c.objc; path = LocationManager.m; sourceTree = "<group>"; };
		C85CD6C41712B5DC007512C3 /* MapListViewController.h */ = {isa = PBXFileReference; fileEncoding = 4; lastKnownFileType = sourcecode.c.h; path = MapListViewController.h; sourceTree = "<group>"; };
		C85CD6C51712B5DC007512C3 /* MapListViewController.m */ = {isa = PBXFileReference; fileEncoding = 4; lastKnownFileType = sourcecode.c.objc; path = MapListViewController.m; sourceTree = "<group>"; };
		C85CD6C71712C4B1007512C3 /* mapButton@2x.png */ = {isa = PBXFileReference; lastKnownFileType = image.png; path = "mapButton@2x.png"; sourceTree = "<group>"; };
		C85CD6C91712CA3C007512C3 /* QuartzCore.framework */ = {isa = PBXFileReference; lastKnownFileType = wrapper.framework; name = QuartzCore.framework; path = System/Library/Frameworks/QuartzCore.framework; sourceTree = SDKROOT; };
		C86E9BEA17097992000C60F2 /* xuanZeQiYeYeWuAnNiu@2x.png */ = {isa = PBXFileReference; lastKnownFileType = image.png; path = "xuanZeQiYeYeWuAnNiu@2x.png"; sourceTree = "<group>"; };
		C86E9BEC17097999000C60F2 /* xuanZeYeWuAnNiu@2x.png */ = {isa = PBXFileReference; lastKnownFileType = image.png; path = "xuanZeYeWuAnNiu@2x.png"; sourceTree = "<group>"; };
		C86E9BF11709890E000C60F2 /* fenGeXxian@2x.png */ = {isa = PBXFileReference; lastKnownFileType = image.png; path = "fenGeXxian@2x.png"; sourceTree = "<group>"; };
		C86E9BF3170993C2000C60F2 /* PersonalBusinessViewController.h */ = {isa = PBXFileReference; fileEncoding = 4; lastKnownFileType = sourcecode.c.h; path = PersonalBusinessViewController.h; sourceTree = "<group>"; };
		C86E9BF4170993C2000C60F2 /* PersonalBusinessViewController.m */ = {isa = PBXFileReference; fileEncoding = 4; lastKnownFileType = sourcecode.c.objc; path = PersonalBusinessViewController.m; sourceTree = "<group>"; };
		C86E9BF6170993E5000C60F2 /* EnterpriseBusinessViewController.h */ = {isa = PBXFileReference; fileEncoding = 4; lastKnownFileType = sourcecode.c.h; path = EnterpriseBusinessViewController.h; sourceTree = "<group>"; };
		C86E9BF7170993E5000C60F2 /* EnterpriseBusinessViewController.m */ = {isa = PBXFileReference; fileEncoding = 4; lastKnownFileType = sourcecode.c.objc; path = EnterpriseBusinessViewController.m; sourceTree = "<group>"; };
		C86E9BF9170994C7000C60F2 /* UINavigationBar+CostomNavigationBar.h */ = {isa = PBXFileReference; fileEncoding = 4; lastKnownFileType = sourcecode.c.h; path = "UINavigationBar+CostomNavigationBar.h"; sourceTree = "<group>"; };
		C86E9BFA170994C7000C60F2 /* UINavigationBar+CostomNavigationBar.m */ = {isa = PBXFileReference; fileEncoding = 4; lastKnownFileType = sourcecode.c.objc; path = "UINavigationBar+CostomNavigationBar.m"; sourceTree = "<group>"; };
		C883E5861713B6580029B6B5 /* MapShowViewController.h */ = {isa = PBXFileReference; fileEncoding = 4; lastKnownFileType = sourcecode.c.h; path = MapShowViewController.h; sourceTree = "<group>"; };
		C883E5871713B6580029B6B5 /* MapShowViewController.m */ = {isa = PBXFileReference; fileEncoding = 4; lastKnownFileType = sourcecode.c.objc; path = MapShowViewController.m; sourceTree = "<group>"; };
		C883E5891713C4670029B6B5 /* mapListButton@2x.png */ = {isa = PBXFileReference; lastKnownFileType = image.png; path = "mapListButton@2x.png"; sourceTree = "<group>"; };
		C883E58B1713C50F0029B6B5 /* backArrows@2x.png */ = {isa = PBXFileReference; lastKnownFileType = image.png; path = "backArrows@2x.png"; sourceTree = "<group>"; };
		C883E58D1713C8380029B6B5 /* beiJing@2x.png */ = {isa = PBXFileReference; lastKnownFileType = image.png; path = "beiJing@2x.png"; sourceTree = "<group>"; };
		C883E58F1713C9010029B6B5 /* navigationBarQ@2x.png */ = {isa = PBXFileReference; lastKnownFileType = image.png; path = "navigationBarQ@2x.png"; sourceTree = "<group>"; };
		C883E5901713C9010029B6B5 /* tabBar@2x.png */ = {isa = PBXFileReference; lastKnownFileType = image.png; path = "tabBar@2x.png"; sourceTree = "<group>"; };
		C883E5931713EBC20029B6B5 /* districtAlert@2x.png */ = {isa = PBXFileReference; lastKnownFileType = image.png; path = "districtAlert@2x.png"; sourceTree = "<group>"; };
		C883E5941713EBC20029B6B5 /* tabBarButton@2x.png */ = {isa = PBXFileReference; lastKnownFileType = image.png; path = "tabBarButton@2x.png"; sourceTree = "<group>"; };
		C883E5951713EBC20029B6B5 /* tabBarButtonLocation@2x.png */ = {isa = PBXFileReference; lastKnownFileType = image.png; path = "tabBarButtonLocation@2x.png"; sourceTree = "<group>"; };
		C883E5991713EBD50029B6B5 /* tableViewCell@2x.png */ = {isa = PBXFileReference; lastKnownFileType = image.png; path = "tableViewCell@2x.png"; sourceTree = "<group>"; };
		C883E59B1713F8B80029B6B5 /* MapKit.framework */ = {isa = PBXFileReference; lastKnownFileType = wrapper.framework; name = MapKit.framework; path = BQ/MapKit.framework; sourceTree = "<group>"; };
		C883E59D171414A20029B6B5 /* Default@2x.png */ = {isa = PBXFileReference; lastKnownFileType = image.png; path = "Default@2x.png"; sourceTree = "<group>"; };
		C883E59F17141E460029B6B5 /* homeIcon-selected@2x.png */ = {isa = PBXFileReference; lastKnownFileType = image.png; path = "homeIcon-selected@2x.png"; sourceTree = "<group>"; };
		C889399D170AB850008165D9 /* alertWindow@2x.png */ = {isa = PBXFileReference; lastKnownFileType = image.png; path = "alertWindow@2x.png"; sourceTree = "<group>"; };
		C889399E170AB850008165D9 /* buttonSelect@2x.png */ = {isa = PBXFileReference; lastKnownFileType = image.png; path = "buttonSelect@2x.png"; sourceTree = "<group>"; };
		C889399F170AB850008165D9 /* button@2x.png */ = {isa = PBXFileReference; lastKnownFileType = image.png; path = "button@2x.png"; sourceTree = "<group>"; };
		C88939A0170AB850008165D9 /* numberButton@2x.png */ = {isa = PBXFileReference; lastKnownFileType = image.png; path = "numberButton@2x.png"; sourceTree = "<group>"; };
		C89149191711218800958605 /* MyAnnotation.h */ = {isa = PBXFileReference; fileEncoding = 4; lastKnownFileType = sourcecode.c.h; path = MyAnnotation.h; sourceTree = "<group>"; };
		C891491A1711218800958605 /* MyAnnotation.m */ = {isa = PBXFileReference; fileEncoding = 4; lastKnownFileType = sourcecode.c.objc; path = MyAnnotation.m; sourceTree = "<group>"; };
		C8DB412E17117D070055341F /* PickerView.h */ = {isa = PBXFileReference; fileEncoding = 4; lastKnownFileType = sourcecode.c.h; path = PickerView.h; sourceTree = "<group>"; };
		C8DB412F17117D070055341F /* PickerView.m */ = {isa = PBXFileReference; fileEncoding = 4; lastKnownFileType = sourcecode.c.objc; path = PickerView.m; sourceTree = "<group>"; };
/* End PBXFileReference section */

/* Begin PBXFrameworksBuildPhase section */
		04D2C1E316FFF74E00E11E82 /* Frameworks */ = {
			isa = PBXFrameworksBuildPhase;
			buildActionMask = 2147483647;
			files = (
				C85CD6CA1712CA3C007512C3 /* QuartzCore.framework in Frameworks */,
				04A6AD171702A2A9009948B3 /* CoreText.framework in Frameworks */,
				04A6AD1517019F83009948B3 /* CoreLocation.framework in Frameworks */,
				04D2C1EA16FFF74E00E11E82 /* UIKit.framework in Frameworks */,
				04D2C1EC16FFF74E00E11E82 /* Foundation.framework in Frameworks */,
				04D2C1EE16FFF74E00E11E82 /* CoreGraphics.framework in Frameworks */,
				C883E59C1713F8B80029B6B5 /* MapKit.framework in Frameworks */,
			);
			runOnlyForDeploymentPostprocessing = 0;
		};
/* End PBXFrameworksBuildPhase section */

/* Begin PBXGroup section */
		0420575917053F83006683E1 /* FrameVIewController */ = {
			isa = PBXGroup;
			children = (
			);
			path = FrameVIewController;
			sourceTree = "<group>";
		};
		0420575E1705424A006683E1 /* TabBarIcons */ = {
			isa = PBXGroup;
			children = (
				042057631705426B006683E1 /* personIcon@2x.png */,
				042057611705425D006683E1 /* setIcon@2x.png */,
				0420575F17054252006683E1 /* homeIcon@2x.png */,
			);
			path = TabBarIcons;
			sourceTree = "<group>";
		};
		04A6ACF617014F8F009948B3 /* MapViewController */ = {
			isa = PBXGroup;
			children = (
				04A6ACF717017589009948B3 /* MapViewController.h */,
				04A6ACF817017589009948B3 /* MapViewController.m */,
				C85CD6C41712B5DC007512C3 /* MapListViewController.h */,
				C85CD6C51712B5DC007512C3 /* MapListViewController.m */,
				C883E5861713B6580029B6B5 /* MapShowViewController.h */,
				C883E5871713B6580029B6B5 /* MapShowViewController.m */,
			);
			path = MapViewController;
			sourceTree = "<group>";
		};
		04A6ACFC1701795E009948B3 /* Helpers */ = {
			isa = PBXGroup;
			children = (
				04A6ACFD17017978009948B3 /* FastCell.h */,
				04A6ACFE17017978009948B3 /* FastCell.m */,
				04A6AD0017017BB1009948B3 /* NSDictionary+helper.h */,
				04A6AD0117017BB1009948B3 /* NSDictionary+helper.m */,
				04A6AD0717018B05009948B3 /* UIColor+REXDebug.h */,
				04A6AD0817018B05009948B3 /* UIColor+REXDebug.m */,
				04A6AD0A17018D37009948B3 /* REXAsyncFileDeleter.h */,
				04A6AD0B17018D37009948B3 /* REXAsyncFileDeleter.m */,
				C86E9BF9170994C7000C60F2 /* UINavigationBar+CostomNavigationBar.h */,
				C86E9BFA170994C7000C60F2 /* UINavigationBar+CostomNavigationBar.m */,
				C89149191711218800958605 /* MyAnnotation.h */,
				C891491A1711218800958605 /* MyAnnotation.m */,
				C85CD6C11712AD4C007512C3 /* LocationManager.h */,
				C85CD6C21712AD4C007512C3 /* LocationManager.m */,
				C816353D170C0E800097672D /* Helper.h */,
				C816353E170C0E800097672D /* Helper.m */,
			);
			path = Helpers;
			sourceTree = "<group>";
		};
		04A6AD1B17053A92009948B3 /* Homes */ = {
			isa = PBXGroup;
			children = (
				C883E59F17141E460029B6B5 /* homeIcon-selected@2x.png */,
				C883E58B1713C50F0029B6B5 /* backArrows@2x.png */,
				0420576917056563006683E1 /* mapBtn@2x.png */,
				042057671705463D006683E1 /* bankName@2x.png */,
				C883E58F1713C9010029B6B5 /* navigationBarQ@2x.png */,
				C883E5901713C9010029B6B5 /* tabBar@2x.png */,
				04A6AD1C17053A9F009948B3 /* 07@2x.png */,
				C883E58D1713C8380029B6B5 /* beiJing@2x.png */,
				C86E9BEA17097992000C60F2 /* xuanZeQiYeYeWuAnNiu@2x.png */,
				C86E9BEC17097999000C60F2 /* xuanZeYeWuAnNiu@2x.png */,
				C86E9BF11709890E000C60F2 /* fenGeXxian@2x.png */,
			);
			path = Homes;
			sourceTree = "<group>";
		};
		04D2C1DD16FFF74E00E11E82 = {
			isa = PBXGroup;
			children = (
				04D2C1EF16FFF74E00E11E82 /* BQ */,
				04D2C1E816FFF74E00E11E82 /* Frameworks */,
				04D2C1E716FFF74E00E11E82 /* Products */,
			);
			sourceTree = "<group>";
		};
		04D2C1E716FFF74E00E11E82 /* Products */ = {
			isa = PBXGroup;
			children = (
				04D2C1E616FFF74E00E11E82 /* BQ.app */,
			);
			name = Products;
			sourceTree = "<group>";
		};
		04D2C1E816FFF74E00E11E82 /* Frameworks */ = {
			isa = PBXGroup;
			children = (
				C883E59B1713F8B80029B6B5 /* MapKit.framework */,
				C85CD6C91712CA3C007512C3 /* QuartzCore.framework */,
				04A6AD161702A2A8009948B3 /* CoreText.framework */,
				04A6AD1417019F82009948B3 /* CoreLocation.framework */,
				04D2C1E916FFF74E00E11E82 /* UIKit.framework */,
				04D2C1EB16FFF74E00E11E82 /* Foundation.framework */,
				04D2C1ED16FFF74E00E11E82 /* CoreGraphics.framework */,
			);
			name = Frameworks;
			sourceTree = "<group>";
		};
		04D2C1EF16FFF74E00E11E82 /* BQ */ = {
			isa = PBXGroup;
			children = (
				C838549E17129716007B969A /* Models */,
				04A6ACFC1701795E009948B3 /* Helpers */,
				04D2C20916FFF78C00E11E82 /* ThirdParty */,
				04D2C20716FFF76F00E11E82 /* Controllers */,
				04D2C20616FFF76500E11E82 /* Views */,
				04D2C1F816FFF74F00E11E82 /* AppDelegate.h */,
				04D2C1F916FFF74F00E11E82 /* AppDelegate.m */,
				04D2C1F016FFF74F00E11E82 /* Supporting Files */,
			);
			path = BQ;
			sourceTree = "<group>";
		};
		04D2C1F016FFF74F00E11E82 /* Supporting Files */ = {
			isa = PBXGroup;
			children = (
				C80CF82D171519AC00889D03 /* Default.png */,
				C883E59D171414A20029B6B5 /* Default@2x.png */,
				04D2C20E17003ED100E11E82 /* Icon.png */,
				04D2C20F17003ED100E11E82 /* Icon@2x.png */,
				04D2C20A16FFF79C00E11E82 /* Images */,
				04D2C1F116FFF74F00E11E82 /* BQ-Info.plist */,
				04D2C1F216FFF74F00E11E82 /* InfoPlist.strings */,
				04D2C1F516FFF74F00E11E82 /* main.m */,
				04D2C1F716FFF74F00E11E82 /* BQ-Prefix.pch */,
				04D2C1FF16FFF74F00E11E82 /* Default-568h@2x.png */,
			);
			name = "Supporting Files";
			sourceTree = "<group>";
		};
		04D2C20616FFF76500E11E82 /* Views */ = {
			isa = PBXGroup;
			children = (
				04A6AD181702C694009948B3 /* TestView.h */,
				04A6AD191702C694009948B3 /* TestView.m */,
				C8163547170C1E600097672D /* ToolBar.h */,
				C8163548170C1E600097672D /* ToolBar.m */,
				C8DB412E17117D070055341F /* PickerView.h */,
				C8DB412F17117D070055341F /* PickerView.m */,
				C80CF83C1715542A00889D03 /* TicketView.h */,
				C80CF83D1715542A00889D03 /* TicketView.m */,
			);
			path = Views;
			sourceTree = "<group>";
		};
		04D2C20716FFF76F00E11E82 /* Controllers */ = {
			isa = PBXGroup;
			children = (
				0420575917053F83006683E1 /* FrameVIewController */,
				04D2C2141701430F00E11E82 /* HomeViewController */,
				04D2C2131701425A00E11E82 /* SetViewController */,
				04D2C2121701424700E11E82 /* UserViewController */,
				04D2C20B16FFF7B400E11E82 /* MainViewController.h */,
				04D2C20C16FFF7B400E11E82 /* MainViewController.m */,
			);
			path = Controllers;
			sourceTree = "<group>";
		};
		04D2C20916FFF78C00E11E82 /* ThirdParty */ = {
			isa = PBXGroup;
			children = (
			);
			path = ThirdParty;
			sourceTree = "<group>";
		};
		04D2C20A16FFF79C00E11E82 /* Images */ = {
			isa = PBXGroup;
			children = (
				C80CF833171536D200889D03 /* GetTicketImage */,
				C8385493171275D7007B969A /* PickerViewImage */,
				C8163540170C103F0097672D /* Map */,
				C889399C170AB83B008165D9 /* SelectBusiness */,
				0420575E1705424A006683E1 /* TabBarIcons */,
				04A6AD1B17053A92009948B3 /* Homes */,
			);
			path = Images;
			sourceTree = "<group>";
		};
		04D2C2121701424700E11E82 /* UserViewController */ = {
			isa = PBXGroup;
			children = (
				04A6ACF317014BC4009948B3 /* UserViewController.h */,
				04A6ACF417014BC4009948B3 /* UserViewController.m */,
			);
			path = UserViewController;
			sourceTree = "<group>";
		};
		04D2C2131701425A00E11E82 /* SetViewController */ = {
			isa = PBXGroup;
			children = (
				04A6ACF017014BBC009948B3 /* SetViewController.h */,
				04A6ACF117014BBC009948B3 /* SetViewController.m */,
			);
			path = SetViewController;
			sourceTree = "<group>";
		};
		04D2C2141701430F00E11E82 /* HomeViewController */ = {
			isa = PBXGroup;
			children = (
				04A6ACF617014F8F009948B3 /* MapViewController */,
				04A6ACED17014BB2009948B3 /* HomeViewController.h */,
				04A6ACEE17014BB2009948B3 /* HomeViewController.m */,
				04A6AD0F17019C7F009948B3 /* SelectBankViewController.h */,
				04A6AD1017019C7F009948B3 /* SelectBankViewController.m */,
				C86E9BF3170993C2000C60F2 /* PersonalBusinessViewController.h */,
				C86E9BF4170993C2000C60F2 /* PersonalBusinessViewController.m */,
				C86E9BF6170993E5000C60F2 /* EnterpriseBusinessViewController.h */,
				C86E9BF7170993E5000C60F2 /* EnterpriseBusinessViewController.m */,
				C80CF82F17151C6D00889D03 /* TicketViewController */,
			);
			path = HomeViewController;
			sourceTree = "<group>";
		};
		C80CF82F17151C6D00889D03 /* TicketViewController */ = {
			isa = PBXGroup;
			children = (
				C80CF830171535AA00889D03 /* GetTicketViewController.h */,
				C80CF831171535AA00889D03 /* GetTicketViewController.m */,
			);
			name = TicketViewController;
			path = ../SetViewController/TicketViewController;
			sourceTree = "<group>";
		};
		C80CF833171536D200889D03 /* GetTicketImage */ = {
			isa = PBXGroup;
			children = (
				C80CF834171536F700889D03 /* line@2x.png */,
				C80CF835171536F700889D03 /* morebutton@2x.png */,
				C80CF836171536F700889D03 /* nail@2x.png */,
				C80CF837171536F700889D03 /* ticket@2x.png */,
			);
			path = GetTicketImage;
			sourceTree = "<group>";
		};
		C8163540170C103F0097672D /* Map */ = {
			isa = PBXGroup;
			children = (
				C85CD6C71712C4B1007512C3 /* mapButton@2x.png */,
				C883E5891713C4670029B6B5 /* mapListButton@2x.png */,
				C883E5931713EBC20029B6B5 /* districtAlert@2x.png */,
				C883E5941713EBC20029B6B5 /* tabBarButton@2x.png */,
				C883E5951713EBC20029B6B5 /* tabBarButtonLocation@2x.png */,
				C883E5991713EBD50029B6B5 /* tableViewCell@2x.png */,
			);
			path = Map;
			sourceTree = "<group>";
		};
		C8385493171275D7007B969A /* PickerViewImage */ = {
			isa = PBXGroup;
			children = (
				C8385496171275F1007B969A /* okButton@2x.png */,
				C8385494171275E5007B969A /* pickerToolBar@2x.png */,
			);
			path = PickerViewImage;
			sourceTree = "<group>";
		};
		C838549E17129716007B969A /* Models */ = {
			isa = PBXGroup;
			children = (
				C838549F171297B8007B969A /* Bank.h */,
				C83854A0171297B8007B969A /* Bank.m */,
				C83854A1171297F3007B969A /* Picker.h */,
				C83854A2171297F3007B969A /* Picker.m */,
				C80CF82A1715197500889D03 /* Number.h */,
				C80CF82B1715197500889D03 /* Number.m */,
			);
			path = Models;
			sourceTree = "<group>";
		};
		C889399C170AB83B008165D9 /* SelectBusiness */ = {
			isa = PBXGroup;
			children = (
				C889399D170AB850008165D9 /* alertWindow@2x.png */,
				C889399E170AB850008165D9 /* buttonSelect@2x.png */,
				C889399F170AB850008165D9 /* button@2x.png */,
				C88939A0170AB850008165D9 /* numberButton@2x.png */,
			);
			name = SelectBusiness;
			path = Homes/SelectBusiness;
			sourceTree = "<group>";
		};
/* End PBXGroup section */

/* Begin PBXNativeTarget section */
		04D2C1E516FFF74E00E11E82 /* BQ */ = {
			isa = PBXNativeTarget;
			buildConfigurationList = 04D2C20316FFF74F00E11E82 /* Build configuration list for PBXNativeTarget "BQ" */;
			buildPhases = (
				04D2C1E216FFF74E00E11E82 /* Sources */,
				04D2C1E316FFF74E00E11E82 /* Frameworks */,
				04D2C1E416FFF74E00E11E82 /* Resources */,
			);
			buildRules = (
			);
			dependencies = (
			);
			name = BQ;
			productName = BQ;
			productReference = 04D2C1E616FFF74E00E11E82 /* BQ.app */;
			productType = "com.apple.product-type.application";
		};
/* End PBXNativeTarget section */

/* Begin PBXProject section */
		04D2C1DE16FFF74E00E11E82 /* Project object */ = {
			isa = PBXProject;
			attributes = {
				LastUpgradeCheck = 0460;
				ORGANIZATIONNAME = zzlmilk;
			};
			buildConfigurationList = 04D2C1E116FFF74E00E11E82 /* Build configuration list for PBXProject "BQ" */;
			compatibilityVersion = "Xcode 3.2";
			developmentRegion = English;
			hasScannedForEncodings = 0;
			knownRegions = (
				en,
			);
			mainGroup = 04D2C1DD16FFF74E00E11E82;
			productRefGroup = 04D2C1E716FFF74E00E11E82 /* Products */;
			projectDirPath = "";
			projectRoot = "";
			targets = (
				04D2C1E516FFF74E00E11E82 /* BQ */,
			);
		};
/* End PBXProject section */

/* Begin PBXResourcesBuildPhase section */
		04D2C1E416FFF74E00E11E82 /* Resources */ = {
			isa = PBXResourcesBuildPhase;
			buildActionMask = 2147483647;
			files = (
				04D2C1F416FFF74F00E11E82 /* InfoPlist.strings in Resources */,
				04D2C20016FFF74F00E11E82 /* Default-568h@2x.png in Resources */,
				04D2C21017003ED100E11E82 /* Icon.png in Resources */,
				04D2C21117003ED100E11E82 /* Icon@2x.png in Resources */,
				04A6AD1E17053A9F009948B3 /* 07@2x.png in Resources */,
				0420576017054252006683E1 /* homeIcon@2x.png in Resources */,
				042057621705425D006683E1 /* setIcon@2x.png in Resources */,
				042057641705426B006683E1 /* personIcon@2x.png in Resources */,
				042057681705463D006683E1 /* bankName@2x.png in Resources */,
				0420576A17056563006683E1 /* mapBtn@2x.png in Resources */,
				C86E9BEB17097992000C60F2 /* xuanZeQiYeYeWuAnNiu@2x.png in Resources */,
				C86E9BED17097999000C60F2 /* xuanZeYeWuAnNiu@2x.png in Resources */,
				C86E9BF21709890E000C60F2 /* fenGeXxian@2x.png in Resources */,
				C88939A1170AB850008165D9 /* alertWindow@2x.png in Resources */,
				C88939A2170AB850008165D9 /* buttonSelect@2x.png in Resources */,
				C88939A3170AB850008165D9 /* button@2x.png in Resources */,
				C88939A4170AB850008165D9 /* numberButton@2x.png in Resources */,
				C8385495171275E5007B969A /* pickerToolBar@2x.png in Resources */,
				C8385497171275F1007B969A /* okButton@2x.png in Resources */,
				C85CD6C81712C4B1007512C3 /* mapButton@2x.png in Resources */,
				C883E58A1713C4670029B6B5 /* mapListButton@2x.png in Resources */,
				C883E58C1713C50F0029B6B5 /* backArrows@2x.png in Resources */,
				C883E58E1713C8390029B6B5 /* beiJing@2x.png in Resources */,
				C883E5911713C9020029B6B5 /* navigationBarQ@2x.png in Resources */,
				C883E5921713C9020029B6B5 /* tabBar@2x.png in Resources */,
				C883E5961713EBC20029B6B5 /* districtAlert@2x.png in Resources */,
				C883E5971713EBC20029B6B5 /* tabBarButton@2x.png in Resources */,
				C883E5981713EBC20029B6B5 /* tabBarButtonLocation@2x.png in Resources */,
				C883E59A1713EBD50029B6B5 /* tableViewCell@2x.png in Resources */,
				C883E59E171414A20029B6B5 /* Default@2x.png in Resources */,
				C883E5A017141E460029B6B5 /* homeIcon-selected@2x.png in Resources */,
				C80CF82E171519AC00889D03 /* Default.png in Resources */,
				C80CF838171536F700889D03 /* line@2x.png in Resources */,
				C80CF839171536F700889D03 /* morebutton@2x.png in Resources */,
				C80CF83A171536F700889D03 /* nail@2x.png in Resources */,
				C80CF83B171536F700889D03 /* ticket@2x.png in Resources */,
			);
			runOnlyForDeploymentPostprocessing = 0;
		};
/* End PBXResourcesBuildPhase section */

/* Begin PBXSourcesBuildPhase section */
		04D2C1E216FFF74E00E11E82 /* Sources */ = {
			isa = PBXSourcesBuildPhase;
			buildActionMask = 2147483647;
			files = (
				04D2C1F616FFF74F00E11E82 /* main.m in Sources */,
				04D2C1FA16FFF74F00E11E82 /* AppDelegate.m in Sources */,
				04D2C20D16FFF7B400E11E82 /* MainViewController.m in Sources */,
				04A6ACEF17014BB2009948B3 /* HomeViewController.m in Sources */,
				04A6ACF217014BBC009948B3 /* SetViewController.m in Sources */,
				04A6ACF517014BC4009948B3 /* UserViewController.m in Sources */,
				04A6ACF917017589009948B3 /* MapViewController.m in Sources */,
				04A6ACFF17017978009948B3 /* FastCell.m in Sources */,
				04A6AD0217017BB1009948B3 /* NSDictionary+helper.m in Sources */,
				04A6AD0917018B05009948B3 /* UIColor+REXDebug.m in Sources */,
				04A6AD0C17018D38009948B3 /* REXAsyncFileDeleter.m in Sources */,
				04A6AD1117019C7F009948B3 /* SelectBankViewController.m in Sources */,
				04A6AD1A1702C694009948B3 /* TestView.m in Sources */,
				C86E9BF5170993C3000C60F2 /* PersonalBusinessViewController.m in Sources */,
				C86E9BF8170993E6000C60F2 /* EnterpriseBusinessViewController.m in Sources */,
				C86E9BFB170994C7000C60F2 /* UINavigationBar+CostomNavigationBar.m in Sources */,
				C885D6CA1712A21D009E3A13 /* Bank.m in Sources */,
				C816353F170C0E800097672D /* Helper.m in Sources */,
				C885D6CB1712A220009E3A13 /* Picker.m in Sources */,
				C8163549170C1E600097672D /* ToolBar.m in Sources */,
				C891491B1711218800958605 /* MyAnnotation.m in Sources */,
				C8DB413017117D070055341F /* PickerView.m in Sources */,
				C85CD6C31712AD4C007512C3 /* LocationManager.m in Sources */,
				C85CD6C61712B5DC007512C3 /* MapListViewController.m in Sources */,
				C883E5881713B6580029B6B5 /* MapShowViewController.m in Sources */,
				C80CF82C1715197500889D03 /* Number.m in Sources */,
				C80CF832171535AA00889D03 /* GetTicketViewController.m in Sources */,
				C80CF83E1715542A00889D03 /* TicketView.m in Sources */,
			);
			runOnlyForDeploymentPostprocessing = 0;
		};
/* End PBXSourcesBuildPhase section */

/* Begin PBXVariantGroup section */
		04D2C1F216FFF74F00E11E82 /* InfoPlist.strings */ = {
			isa = PBXVariantGroup;
			children = (
				04D2C1F316FFF74F00E11E82 /* en */,
			);
			name = InfoPlist.strings;
			sourceTree = "<group>";
		};
/* End PBXVariantGroup section */

/* Begin XCBuildConfiguration section */
		04D2C20116FFF74F00E11E82 /* Debug */ = {
			isa = XCBuildConfiguration;
			buildSettings = {
				ALWAYS_SEARCH_USER_PATHS = NO;
				ARCHS = armv7;
				CLANG_CXX_LANGUAGE_STANDARD = "gnu++0x";
				CLANG_CXX_LIBRARY = "libc++";
				CLANG_ENABLE_OBJC_ARC = YES;
				CLANG_WARN_CONSTANT_CONVERSION = YES;
				CLANG_WARN_EMPTY_BODY = YES;
				CLANG_WARN_ENUM_CONVERSION = YES;
				CLANG_WARN_INT_CONVERSION = YES;
				CLANG_WARN__DUPLICATE_METHOD_MATCH = YES;
				"CODE_SIGN_IDENTITY[sdk=iphoneos*]" = "iPhone Developer";
				COPY_PHASE_STRIP = NO;
				GCC_C_LANGUAGE_STANDARD = gnu99;
				GCC_DYNAMIC_NO_PIC = NO;
				GCC_OPTIMIZATION_LEVEL = 0;
				GCC_PREPROCESSOR_DEFINITIONS = (
					"DEBUG=1",
					"$(inherited)",
				);
				GCC_SYMBOLS_PRIVATE_EXTERN = NO;
				GCC_WARN_ABOUT_RETURN_TYPE = YES;
				GCC_WARN_UNINITIALIZED_AUTOS = YES;
				GCC_WARN_UNUSED_VARIABLE = YES;
				IPHONEOS_DEPLOYMENT_TARGET = 6.1;
				ONLY_ACTIVE_ARCH = YES;
				SDKROOT = iphoneos;
				VALID_ARCHS = armv7;
			};
			name = Debug;
		};
		04D2C20216FFF74F00E11E82 /* Release */ = {
			isa = XCBuildConfiguration;
			buildSettings = {
				ALWAYS_SEARCH_USER_PATHS = NO;
				ARCHS = armv7;
				CLANG_CXX_LANGUAGE_STANDARD = "gnu++0x";
				CLANG_CXX_LIBRARY = "libc++";
				CLANG_ENABLE_OBJC_ARC = YES;
				CLANG_WARN_CONSTANT_CONVERSION = YES;
				CLANG_WARN_EMPTY_BODY = YES;
				CLANG_WARN_ENUM_CONVERSION = YES;
				CLANG_WARN_INT_CONVERSION = YES;
				CLANG_WARN__DUPLICATE_METHOD_MATCH = YES;
				"CODE_SIGN_IDENTITY[sdk=iphoneos*]" = "iPhone Developer";
				COPY_PHASE_STRIP = YES;
				GCC_C_LANGUAGE_STANDARD = gnu99;
				GCC_WARN_ABOUT_RETURN_TYPE = YES;
				GCC_WARN_UNINITIALIZED_AUTOS = YES;
				GCC_WARN_UNUSED_VARIABLE = YES;
				IPHONEOS_DEPLOYMENT_TARGET = 6.1;
				OTHER_CFLAGS = "-DNS_BLOCK_ASSERTIONS=1";
				SDKROOT = iphoneos;
				VALIDATE_PRODUCT = YES;
				VALID_ARCHS = armv7;
			};
			name = Release;
		};
		04D2C20416FFF74F00E11E82 /* Debug */ = {
			isa = XCBuildConfiguration;
			buildSettings = {
				ARCHS = "$(ARCHS_STANDARD_32_BIT)";
				FRAMEWORK_SEARCH_PATHS = (
					"$(inherited)",
					"\"$(SRCROOT)/BQ\"",
				);
				GCC_PRECOMPILE_PREFIX_HEADER = YES;
				GCC_PREFIX_HEADER = "BQ/BQ-Prefix.pch";
				INFOPLIST_FILE = "BQ/BQ-Info.plist";
				IPHONEOS_DEPLOYMENT_TARGET = 6.1;
				LIBRARY_SEARCH_PATHS = (
					"$(inherited)",
					"\"$(SRCROOT)\"",
				);
				PRODUCT_NAME = "$(TARGET_NAME)";
				VALID_ARCHS = "armv7 armv7s";
				WRAPPER_EXTENSION = app;
			};
			name = Debug;
		};
		04D2C20516FFF74F00E11E82 /* Release */ = {
			isa = XCBuildConfiguration;
			buildSettings = {
				ARCHS = "$(ARCHS_STANDARD_32_BIT)";
				FRAMEWORK_SEARCH_PATHS = (
					"$(inherited)",
					"\"$(SRCROOT)/BQ\"",
				);
				GCC_PRECOMPILE_PREFIX_HEADER = YES;
				GCC_PREFIX_HEADER = "BQ/BQ-Prefix.pch";
				INFOPLIST_FILE = "BQ/BQ-Info.plist";
				IPHONEOS_DEPLOYMENT_TARGET = 6.1;
				LIBRARY_SEARCH_PATHS = (
					"$(inherited)",
					"\"$(SRCROOT)\"",
				);
				PRODUCT_NAME = "$(TARGET_NAME)";
				VALID_ARCHS = "armv7 armv7s";
				WRAPPER_EXTENSION = app;
			};
			name = Release;
		};
/* End XCBuildConfiguration section */

/* Begin XCConfigurationList section */
		04D2C1E116FFF74E00E11E82 /* Build configuration list for PBXProject "BQ" */ = {
			isa = XCConfigurationList;
			buildConfigurations = (
				04D2C20116FFF74F00E11E82 /* Debug */,
				04D2C20216FFF74F00E11E82 /* Release */,
			);
			defaultConfigurationIsVisible = 0;
			defaultConfigurationName = Release;
		};
		04D2C20316FFF74F00E11E82 /* Build configuration list for PBXNativeTarget "BQ" */ = {
			isa = XCConfigurationList;
			buildConfigurations = (
				04D2C20416FFF74F00E11E82 /* Debug */,
				04D2C20516FFF74F00E11E82 /* Release */,
			);
			defaultConfigurationIsVisible = 0;
			defaultConfigurationName = Release;
		};
/* End XCConfigurationList section */
	};
	rootObject = 04D2C1DE16FFF74E00E11E82 /* Project object */;
}
